
Microsoft Visual Studio Solution File, Format Version 12.00
# Visual Studio Version 16
VisualStudioVersion = 16.0.31515.178
MinimumVisualStudioVersion = 10.0.40219.1
Project("{FAE04EC0-301F-11D3-BF4B-00C04F79EFBC}") = "Api", "EmployeeTimeTrackingDDD\Api.csproj", "{B5A07A4C-3ABB-4F6F-B987-256722213B42}"
EndProject
Project("{FAE04EC0-301F-11D3-BF4B-00C04F79EFBC}") = "Domain", "Domain\Domain.csproj", "{3BF9F9A7-338D-43DA-AE48-77E5381B7AC6}"
EndProject
Project("{FAE04EC0-301F-11D3-BF4B-00C04F79EFBC}") = "Infrastructure", "Infrastructure\Infrastructure.csproj", "{6FA9C98C-8B24-457D-AE2B-14A597A97FA8}"
EndProject
Global
	GlobalSection(SolutionConfigurationPlatforms) = preSolution
		Debug|Any CPU = Debug|Any CPU
		Release|Any CPU = Release|Any CPU
	EndGlobalSection
	GlobalSection(ProjectConfigurationPlatforms) = postSolution
		{B5A07A4C-3ABB-4F6F-B987-256722213B42}.Debug|Any CPU.ActiveCfg = Debug|Any CPU
		{B5A07A4C-3ABB-4F6F-B987-256722213B42}.Debug|Any CPU.Build.0 = Debug|Any CPU
		{B5A07A4C-3ABB-4F6F-B987-256722213B42}.Release|Any CPU.ActiveCfg = Release|Any CPU
		{B5A07A4C-3ABB-4F6F-B987-256722213B42}.Release|Any CPU.Build.0 = Release|Any CPU
		{3BF9F9A7-338D-43DA-AE48-77E5381B7AC6}.Debug|Any CPU.ActiveCfg = Debug|Any CPU
		{3BF9F9A7-338D-43DA-AE48-77E5381B7AC6}.Debug|Any CPU.Build.0 = Debug|Any CPU
		{3BF9F9A7-338D-43DA-AE48-77E5381B7AC6}.Release|Any CPU.ActiveCfg = Release|Any CPU
		{3BF9F9A7-338D-43DA-AE48-77E5381B7AC6}.Release|Any CPU.Build.0 = Release|Any CPU
		{6FA9C98C-8B24-457D-AE2B-14A597A97FA8}.Debug|Any CPU.ActiveCfg = Debug|Any CPU
		{6FA9C98C-8B24-457D-AE2B-14A597A97FA8}.Debug|Any CPU.Build.0 = Debug|Any CPU
		{6FA9C98C-8B24-457D-AE2B-14A597A97FA8}.Release|Any CPU.ActiveCfg = Release|Any CPU
		{6FA9C98C-8B24-457D-AE2B-14A597A97FA8}.Release|Any CPU.Build.0 = Release|Any CPU
	EndGlobalSection
	GlobalSection(SolutionProperties) = preSolution
		HideSolutionNode = FALSE
	EndGlobalSection
	GlobalSection(ExtensibilityGlobals) = postSolution
		SolutionGuid = {1D7E5795-8BAE-4412-880C-EEB1B5E3ED63}
	EndGlobalSection
EndGlobal
